
Microsoft Visual Studio Solution File, Format Version 12.00
# Visual Studio Version 17
VisualStudioVersion = 17.8.34309.116
MinimumVisualStudioVersion = 10.0.40219.1
Project("{9A19103F-16F7-4668-BE54-9A1E7A4F7556}") = "BeeClient", "BeeClient\BeeClient\BeeClient.csproj", "{0550D7B0-B62E-4A6F-AFFB-3E480079293E}"
EndProject
Project("{9A19103F-16F7-4668-BE54-9A1E7A4F7556}") = "BeeClient.Client", "BeeClient\BeeClient.Client\BeeClient.Client.csproj", "{0820EC62-C73E-410A-9971-25501AAA4BD8}"
EndProject
Global
	GlobalSection(SolutionConfigurationPlatforms) = preSolution
		Debug|Any CPU = Debug|Any CPU
		Release|Any CPU = Release|Any CPU
	EndGlobalSection
	GlobalSection(ProjectConfigurationPlatforms) = postSolution
		{0550D7B0-B62E-4A6F-AFFB-3E480079293E}.Debug|Any CPU.ActiveCfg = Debug|Any CPU
		{0550D7B0-B62E-4A6F-AFFB-3E480079293E}.Debug|Any CPU.Build.0 = Debug|Any CPU
		{0550D7B0-B62E-4A6F-AFFB-3E480079293E}.Release|Any CPU.ActiveCfg = Release|Any CPU
		{0550D7B0-B62E-4A6F-AFFB-3E480079293E}.Release|Any CPU.Build.0 = Release|Any CPU
		{0820EC62-C73E-410A-9971-25501AAA4BD8}.Debug|Any CPU.ActiveCfg = Debug|Any CPU
		{0820EC62-C73E-410A-9971-25501AAA4BD8}.Debug|Any CPU.Build.0 = Debug|Any CPU
		{0820EC62-C73E-410A-9971-25501AAA4BD8}.Release|Any CPU.ActiveCfg = Release|Any CPU
		{0820EC62-C73E-410A-9971-25501AAA4BD8}.Release|Any CPU.Build.0 = Release|Any CPU
	EndGlobalSection
	GlobalSection(SolutionProperties) = preSolution
		HideSolutionNode = FALSE
	EndGlobalSection
	GlobalSection(ExtensibilityGlobals) = postSolution
		SolutionGuid = {45E63499-2958-44DE-8CDF-D72A314CCB20}
	EndGlobalSection
EndGlobal
